
Microsoft Visual Studio Solution File, Format Version 12.00
# Visual Studio Version 18
VisualStudioVersion = 18.6.11819.183
MinimumVisualStudioVersion = 10.0.40219.1
Project("{FAE04EC0-301F-11D3-BF4B-00C04F79EFBC}") = "Nilog.Core", "Nilog.Core\Nilog.Core.csproj", "{7EA1FC0B-E628-4789-827B-C415D58D3F3D}"
EndProject
Project("{FAE04EC0-301F-11D3-BF4B-00C04F79EFBC}") = "Nilog.Tests", "Nilog.Tests\Nilog.Tests.csproj", "{30BB97C5-376A-4331-BEB8-0487EB7134C7}"
EndProject
Project("{FAE04EC0-301F-11D3-BF4B-00C04F79EFBC}") = "Nilog.Benchmark", "Nilog.Benchmark\Nilog.Benchmark.csproj", "{AB6310A6-FDC4-4CC5-80BC-ADE1A7DB53EC}"
EndProject
Project("{FAE04EC0-301F-11D3-BF4B-00C04F79EFBC}") = "Nilog.Demo", "Nilog.Demo\Nilog.Demo.csproj", "{542D18F9-5780-4CE8-AC17-CFDEA71D96F8}"
EndProject
Project("{2150E333-8FDC-42A3-9474-1A3956D46DE8}") = "Solution Items", "Solution Items", "{5293101C-5361-4039-83D7-DDE07FE8FE8A}"
	ProjectSection(SolutionItems) = preProject
		Directory.Build.props = Directory.Build.props
	EndProjectSection
EndProject
Project("{FAE04EC0-301F-11D3-BF4B-00C04F79EFBC}") = "Nilog.Function", "Nilog.Function\Nilog.Function.csproj", "{632A0FEF-382D-4BAF-9BB3-8029E89459B0}"
EndProject
Project("{FAE04EC0-301F-11D3-BF4B-00C04F79EFBC}") = "Nilog.Analyzers", "Nilog.Analyzers\Nilog.Analyzers.csproj", "{0F203AD7-9CB9-4D6D-B92E-BE247B3DD891}"
EndProject
Project("{FAE04EC0-301F-11D3-BF4B-00C04F79EFBC}") = "Nilog.Analyzers.Tests", "Nilog.Analyzers.Tests\Nilog.Analyzers.Tests.csproj", "{B93A8796-1DDA-4882-A395-B5CB2C6C741F}"
EndProject
Project("{FAE04EC0-301F-11D3-BF4B-00C04F79EFBC}") = "Nilog.SourceGenerators", "Nilog.SourceGenerators\Nilog.SourceGenerators.csproj", "{4EA0B6C9-1B30-4BC9-94E3-CBA82022F366}"
EndProject
Global
	GlobalSection(SolutionConfigurationPlatforms) = preSolution
		Debug|Any CPU = Debug|Any CPU
		Debug|x64 = Debug|x64
		Debug|x86 = Debug|x86
		Release|Any CPU = Release|Any CPU
		Release|x64 = Release|x64
		Release|x86 = Release|x86
	EndGlobalSection
	GlobalSection(ProjectConfigurationPlatforms) = postSolution
		{7EA1FC0B-E628-4789-827B-C415D58D3F3D}.Debug|Any CPU.ActiveCfg = Debug|Any CPU
		{7EA1FC0B-E628-4789-827B-C415D58D3F3D}.Debug|Any CPU.Build.0 = Debug|Any CPU
		{7EA1FC0B-E628-4789-827B-C415D58D3F3D}.Debug|x64.ActiveCfg = Debug|Any CPU
		{7EA1FC0B-E628-4789-827B-C415D58D3F3D}.Debug|x64.Build.0 = Debug|Any CPU
		{7EA1FC0B-E628-4789-827B-C415D58D3F3D}.Debug|x86.ActiveCfg = Debug|Any CPU
		{7EA1FC0B-E628-4789-827B-C415D58D3F3D}.Debug|x86.Build.0 = Debug|Any CPU
		{7EA1FC0B-E628-4789-827B-C415D58D3F3D}.Release|Any CPU.ActiveCfg = Release|Any CPU
		{7EA1FC0B-E628-4789-827B-C415D58D3F3D}.Release|Any CPU.Build.0 = Release|Any CPU
		{7EA1FC0B-E628-4789-827B-C415D58D3F3D}.Release|x64.ActiveCfg = Release|Any CPU
		{7EA1FC0B-E628-4789-827B-C415D58D3F3D}.Release|x64.Build.0 = Release|Any CPU
		{7EA1FC0B-E628-4789-827B-C415D58D3F3D}.Release|x86.ActiveCfg = Release|Any CPU
		{7EA1FC0B-E628-4789-827B-C415D58D3F3D}.Release|x86.Build.0 = Release|Any CPU
		{30BB97C5-376A-4331-BEB8-0487EB7134C7}.Debug|Any CPU.ActiveCfg = Debug|Any CPU
		{30BB97C5-376A-4331-BEB8-0487EB7134C7}.Debug|Any CPU.Build.0 = Debug|Any CPU
		{30BB97C5-376A-4331-BEB8-0487EB7134C7}.Debug|x64.ActiveCfg = Debug|Any CPU
		{30BB97C5-376A-4331-BEB8-0487EB7134C7}.Debug|x64.Build.0 = Debug|Any CPU
		{30BB97C5-376A-4331-BEB8-0487EB7134C7}.Debug|x86.ActiveCfg = Debug|Any CPU
		{30BB97C5-376A-4331-BEB8-0487EB7134C7}.Debug|x86.Build.0 = Debug|Any CPU
		{30BB97C5-376A-4331-BEB8-0487EB7134C7}.Release|Any CPU.ActiveCfg = Release|Any CPU
		{30BB97C5-376A-4331-BEB8-0487EB7134C7}.Release|Any CPU.Build.0 = Release|Any CPU
		{30BB97C5-376A-4331-BEB8-0487EB7134C7}.Release|x64.ActiveCfg = Release|Any CPU
		{30BB97C5-376A-4331-BEB8-0487EB7134C7}.Release|x64.Build.0 = Release|Any CPU
		{30BB97C5-376A-4331-BEB8-0487EB7134C7}.Release|x86.ActiveCfg = Release|Any CPU
		{30BB97C5-376A-4331-BEB8-0487EB7134C7}.Release|x86.Build.0 = Release|Any CPU
		{AB6310A6-FDC4-4CC5-80BC-ADE1A7DB53EC}.Debug|Any CPU.ActiveCfg = Debug|Any CPU
		{AB6310A6-FDC4-4CC5-80BC-ADE1A7DB53EC}.Debug|Any CPU.Build.0 = Debug|Any CPU
		{AB6310A6-FDC4-4CC5-80BC-ADE1A7DB53EC}.Debug|x64.ActiveCfg = Debug|Any CPU
		{AB6310A6-FDC4-4CC5-80BC-ADE1A7DB53EC}.Debug|x64.Build.0 = Debug|Any CPU
		{AB6310A6-FDC4-4CC5-80BC-ADE1A7DB53EC}.Debug|x86.ActiveCfg = Debug|Any CPU
		{AB6310A6-FDC4-4CC5-80BC-ADE1A7DB53EC}.Debug|x86.Build.0 = Debug|Any CPU
		{AB6310A6-FDC4-4CC5-80BC-ADE1A7DB53EC}.Release|Any CPU.ActiveCfg = Release|Any CPU
		{AB6310A6-FDC4-4CC5-80BC-ADE1A7DB53EC}.Release|Any CPU.Build.0 = Release|Any CPU
		{AB6310A6-FDC4-4CC5-80BC-ADE1A7DB53EC}.Release|x64.ActiveCfg = Release|Any CPU
		{AB6310A6-FDC4-4CC5-80BC-ADE1A7DB53EC}.Release|x64.Build.0 = Release|Any CPU
		{AB6310A6-FDC4-4CC5-80BC-ADE1A7DB53EC}.Release|x86.ActiveCfg = Release|Any CPU
		{AB6310A6-FDC4-4CC5-80BC-ADE1A7DB53EC}.Release|x86.Build.0 = Release|Any CPU
		{542D18F9-5780-4CE8-AC17-CFDEA71D96F8}.Debug|Any CPU.ActiveCfg = Debug|Any CPU
		{542D18F9-5780-4CE8-AC17-CFDEA71D96F8}.Debug|Any CPU.Build.0 = Debug|Any CPU
		{542D18F9-5780-4CE8-AC17-CFDEA71D96F8}.Debug|x64.ActiveCfg = Debug|Any CPU
		{542D18F9-5780-4CE8-AC17-CFDEA71D96F8}.Debug|x64.Build.0 = Debug|Any CPU
		{542D18F9-5780-4CE8-AC17-CFDEA71D96F8}.Debug|x86.ActiveCfg = Debug|Any CPU
		{542D18F9-5780-4CE8-AC17-CFDEA71D96F8}.Debug|x86.Build.0 = Debug|Any CPU
		{542D18F9-5780-4CE8-AC17-CFDEA71D96F8}.Release|Any CPU.ActiveCfg = Release|Any CPU
		{542D18F9-5780-4CE8-AC17-CFDEA71D96F8}.Release|Any CPU.Build.0 = Release|Any CPU
		{542D18F9-5780-4CE8-AC17-CFDEA71D96F8}.Release|x64.ActiveCfg = Release|Any CPU
		{542D18F9-5780-4CE8-AC17-CFDEA71D96F8}.Release|x64.Build.0 = Release|Any CPU
		{542D18F9-5780-4CE8-AC17-CFDEA71D96F8}.Release|x86.ActiveCfg = Release|Any CPU
		{542D18F9-5780-4CE8-AC17-CFDEA71D96F8}.Release|x86.Build.0 = Release|Any CPU
		{632A0FEF-382D-4BAF-9BB3-8029E89459B0}.Debug|Any CPU.ActiveCfg = Debug|Any CPU
		{632A0FEF-382D-4BAF-9BB3-8029E89459B0}.Debug|Any CPU.Build.0 = Debug|Any CPU
		{632A0FEF-382D-4BAF-9BB3-8029E89459B0}.Debug|x64.ActiveCfg = Debug|Any CPU
		{632A0FEF-382D-4BAF-9BB3-8029E89459B0}.Debug|x64.Build.0 = Debug|Any CPU
		{632A0FEF-382D-4BAF-9BB3-8029E89459B0}.Debug|x86.ActiveCfg = Debug|Any CPU
		{632A0FEF-382D-4BAF-9BB3-8029E89459B0}.Debug|x86.Build.0 = Debug|Any CPU
		{632A0FEF-382D-4BAF-9BB3-8029E89459B0}.Release|Any CPU.ActiveCfg = Release|Any CPU
		{632A0FEF-382D-4BAF-9BB3-8029E89459B0}.Release|Any CPU.Build.0 = Release|Any CPU
		{632A0FEF-382D-4BAF-9BB3-8029E89459B0}.Release|x64.ActiveCfg = Release|Any CPU
		{632A0FEF-382D-4BAF-9BB3-8029E89459B0}.Release|x64.Build.0 = Release|Any CPU
		{632A0FEF-382D-4BAF-9BB3-8029E89459B0}.Release|x86.ActiveCfg = Release|Any CPU
		{632A0FEF-382D-4BAF-9BB3-8029E89459B0}.Release|x86.Build.0 = Release|Any CPU
		{0F203AD7-9CB9-4D6D-B92E-BE247B3DD891}.Debug|Any CPU.ActiveCfg = Debug|Any CPU
		{0F203AD7-9CB9-4D6D-B92E-BE247B3DD891}.Debug|Any CPU.Build.0 = Debug|Any CPU
		{0F203AD7-9CB9-4D6D-B92E-BE247B3DD891}.Debug|x64.ActiveCfg = Debug|Any CPU
		{0F203AD7-9CB9-4D6D-B92E-BE247B3DD891}.Debug|x64.Build.0 = Debug|Any CPU
		{0F203AD7-9CB9-4D6D-B92E-BE247B3DD891}.Debug|x86.ActiveCfg = Debug|Any CPU
		{0F203AD7-9CB9-4D6D-B92E-BE247B3DD891}.Debug|x86.Build.0 = Debug|Any CPU
		{0F203AD7-9CB9-4D6D-B92E-BE247B3DD891}.Release|Any CPU.ActiveCfg = Release|Any CPU
		{0F203AD7-9CB9-4D6D-B92E-BE247B3DD891}.Release|Any CPU.Build.0 = Release|Any CPU
		{0F203AD7-9CB9-4D6D-B92E-BE247B3DD891}.Release|x64.ActiveCfg = Release|Any CPU
		{0F203AD7-9CB9-4D6D-B92E-BE247B3DD891}.Release|x64.Build.0 = Release|Any CPU
		{0F203AD7-9CB9-4D6D-B92E-BE247B3DD891}.Release|x86.ActiveCfg = Release|Any CPU
		{0F203AD7-9CB9-4D6D-B92E-BE247B3DD891}.Release|x86.Build.0 = Release|Any CPU
		{B93A8796-1DDA-4882-A395-B5CB2C6C741F}.Debug|Any CPU.ActiveCfg = Debug|Any CPU
		{B93A8796-1DDA-4882-A395-B5CB2C6C741F}.Debug|Any CPU.Build.0 = Debug|Any CPU
		{B93A8796-1DDA-4882-A395-B5CB2C6C741F}.Debug|x64.ActiveCfg = Debug|Any CPU
		{B93A8796-1DDA-4882-A395-B5CB2C6C741F}.Debug|x64.Build.0 = Debug|Any CPU
		{B93A8796-1DDA-4882-A395-B5CB2C6C741F}.Debug|x86.ActiveCfg = Debug|Any CPU
		{B93A8796-1DDA-4882-A395-B5CB2C6C741F}.Debug|x86.Build.0 = Debug|Any CPU
		{B93A8796-1DDA-4882-A395-B5CB2C6C741F}.Release|Any CPU.ActiveCfg = Release|Any CPU
		{B93A8796-1DDA-4882-A395-B5CB2C6C741F}.Release|Any CPU.Build.0 = Release|Any CPU
		{B93A8796-1DDA-4882-A395-B5CB2C6C741F}.Release|x64.ActiveCfg = Release|Any CPU
		{B93A8796-1DDA-4882-A395-B5CB2C6C741F}.Release|x64.Build.0 = Release|Any CPU
		{B93A8796-1DDA-4882-A395-B5CB2C6C741F}.Release|x86.ActiveCfg = Release|Any CPU
		{B93A8796-1DDA-4882-A395-B5CB2C6C741F}.Release|x86.Build.0 = Release|Any CPU
		{4EA0B6C9-1B30-4BC9-94E3-CBA82022F366}.Debug|Any CPU.ActiveCfg = Debug|Any CPU
		{4EA0B6C9-1B30-4BC9-94E3-CBA82022F366}.Debug|Any CPU.Build.0 = Debug|Any CPU
		{4EA0B6C9-1B30-4BC9-94E3-CBA82022F366}.Debug|x64.ActiveCfg = Debug|Any CPU
		{4EA0B6C9-1B30-4BC9-94E3-CBA82022F366}.Debug|x64.Build.0 = Debug|Any CPU
		{4EA0B6C9-1B30-4BC9-94E3-CBA82022F366}.Debug|x86.ActiveCfg = Debug|Any CPU
		{4EA0B6C9-1B30-4BC9-94E3-CBA82022F366}.Debug|x86.Build.0 = Debug|Any CPU
		{4EA0B6C9-1B30-4BC9-94E3-CBA82022F366}.Release|Any CPU.ActiveCfg = Release|Any CPU
		{4EA0B6C9-1B30-4BC9-94E3-CBA82022F366}.Release|Any CPU.Build.0 = Release|Any CPU
		{4EA0B6C9-1B30-4BC9-94E3-CBA82022F366}.Release|x64.ActiveCfg = Release|Any CPU
		{4EA0B6C9-1B30-4BC9-94E3-CBA82022F366}.Release|x64.Build.0 = Release|Any CPU
		{4EA0B6C9-1B30-4BC9-94E3-CBA82022F366}.Release|x86.ActiveCfg = Release|Any CPU
		{4EA0B6C9-1B30-4BC9-94E3-CBA82022F366}.Release|x86.Build.0 = Release|Any CPU
	EndGlobalSection
	GlobalSection(SolutionProperties) = preSolution
		HideSolutionNode = FALSE
	EndGlobalSection
	GlobalSection(ExtensibilityGlobals) = postSolution
		SolutionGuid = {9444A983-60E5-4DAF-B122-F076324EAA41}
	EndGlobalSection
EndGlobal
