{
  "version": 1,
  "dependencies": {
    "net10.0": {
      "Microsoft.Extensions.Logging.Abstractions": {
        "type": "Direct",
        "requested": "[10.0.9, )",
        "resolved": "10.0.9",
        "contentHash": "9S/DFt4cohlMPpzIxjG6kk0L8MuN2vDm9pbMCulxtJzzk82oJHVLBd8vuQxaPskaYQwKqmFmbannf5eoChgjYg==",
        "dependencies": {
          "Microsoft.Extensions.DependencyInjection.Abstractions": "10.0.9"
        }
      },
      "Microsoft.Extensions.ObjectPool": {
        "type": "Direct",
        "requested": "[10.0.9, )",
        "resolved": "10.0.9",
        "contentHash": "KZENCkfqO7Ciax6goUWQHDSxKH+x763hkBWMz9KpE87EyKW+EKEas9EFe9i1KgtQShG8KwKxaeJ5gd9sj6TuTQ=="
      },
      "Microsoft.NET.ILLink.Tasks": {
        "type": "Direct",
        "requested": "[10.0.12, )",
        "resolved": "10.0.12",
        "contentHash": "xi+BDjFpW+Sb+MHFHaH6Y/gV9I8BluFwRXc1QyCdoZbIK26eNiBeFuMTe/FMwc33G1wdHCyDg7CVTmb8OdQrMQ=="
      },
      "Microsoft.SourceLink.GitHub": {
        "type": "Direct",
        "requested": "[10.0.401, )",
        "resolved": "10.0.401",
        "contentHash": "LGmlwgP1Cx37JEWzyjS0o1/+xs/s/e3E2TBSuogI5ePA/9L0pfIfeYX0k5in7Bfcw8Nn2y2sG9jXxydTjiR2Fg==",
        "dependencies": {
          "Microsoft.Build.Tasks.Git": "10.0.401",
          "Microsoft.SourceLink.Common": "10.0.401",
          "System.IO.Hashing": "10.0.12"
        }
      },
      "Microsoft.Build.Tasks.Git": {
        "type": "Transitive",
        "resolved": "10.0.401",
        "contentHash": "ZYctNuT10V9IYyCFydy63DXx0ggZQuynuzQOdLvW62dPgzjIz7f0ISEP75RGiq1jFQh8p6TmGSqxeQZQ87LCig==",
        "dependencies": {
          "System.IO.Hashing": "10.0.12"
        }
      },
      "Microsoft.Extensions.DependencyInjection.Abstractions": {
        "type": "Transitive",
        "resolved": "10.0.9",
        "contentHash": "g41l/30G3K4B/d/L8kjux0+30e27c8D0FVQ/PFCpbekgfDpj9mnDhieP67EqXWvl1EWNeZh2rpR4F5B/jcDOHA=="
      },
      "Microsoft.SourceLink.Common": {
        "type": "Transitive",
        "resolved": "10.0.401",
        "contentHash": "u3rLxIwi/9MqDFaWGE/QQgLR1NBEzLOW2lv5+9OrZPDBYIAmFdYSWCWrR1ufpXWOqFn+x02TgKropl/oDuHmgA=="
      },
      "System.IO.Hashing": {
        "type": "Transitive",
        "resolved": "10.0.12",
        "contentHash": "jDix4bBMYnpZdSPcnY+KDV6ik3SRMzpMKby/bZl/XUwIiflwRNAFZ0oOl61R/pSaveIJ8t1gs2BUlrGsPs/bcg=="
      }
    },
    "net8.0": {
      "Microsoft.Extensions.Logging.Abstractions": {
        "type": "Direct",
        "requested": "[8.0.3, )",
        "resolved": "8.0.3",
        "contentHash": "dL0QGToTxggRLMYY4ZYX5AMwBb+byQBd/5dMiZE07Nv73o6I5Are3C7eQTh7K2+A4ct0PVISSr7TZANbiNb2yQ==",
        "dependencies": {
          "Microsoft.Extensions.DependencyInjection.Abstractions": "8.0.2"
        }
      },
      "Microsoft.Extensions.ObjectPool": {
        "type": "Direct",
        "requested": "[8.0.28, )",
        "resolved": "8.0.28",
        "contentHash": "XiBl7dbamHZKRaVid/0cH/R8iwk5oLaWoGhWzECVfkXfd88BeZ+MNO1+xEY7oPU7R0KOO0WtVISecmlozdxMgg=="
      },
      "Microsoft.NET.ILLink.Tasks": {
        "type": "Direct",
        "requested": "[8.0.31, )",
        "resolved": "8.0.31",
        "contentHash": "OJdAGATV2QoVWL11zlDLEluA06q8rK+cgZR47ohrO8V+Qj5z9dlvN7bG9/0e5t0IOe+yD8tREC0bpsEgDGrzIQ=="
      },
      "Microsoft.SourceLink.GitHub": {
        "type": "Direct",
        "requested": "[10.0.401, )",
        "resolved": "10.0.401",
        "contentHash": "LGmlwgP1Cx37JEWzyjS0o1/+xs/s/e3E2TBSuogI5ePA/9L0pfIfeYX0k5in7Bfcw8Nn2y2sG9jXxydTjiR2Fg==",
        "dependencies": {
          "Microsoft.Build.Tasks.Git": "10.0.401",
          "Microsoft.SourceLink.Common": "10.0.401",
          "System.IO.Hashing": "10.0.12"
        }
      },
      "Microsoft.Build.Tasks.Git": {
        "type": "Transitive",
        "resolved": "10.0.401",
        "contentHash": "ZYctNuT10V9IYyCFydy63DXx0ggZQuynuzQOdLvW62dPgzjIz7f0ISEP75RGiq1jFQh8p6TmGSqxeQZQ87LCig==",
        "dependencies": {
          "System.IO.Hashing": "10.0.12"
        }
      },
      "Microsoft.Extensions.DependencyInjection.Abstractions": {
        "type": "Transitive",
        "resolved": "8.0.2",
        "contentHash": "3iE7UF7MQkCv1cxzCahz+Y/guQbTqieyxyaWKhrRO91itI9cOKO76OHeQDahqG4MmW5umr3CcCvGmK92lWNlbg=="
      },
      "Microsoft.SourceLink.Common": {
        "type": "Transitive",
        "resolved": "10.0.401",
        "contentHash": "u3rLxIwi/9MqDFaWGE/QQgLR1NBEzLOW2lv5+9OrZPDBYIAmFdYSWCWrR1ufpXWOqFn+x02TgKropl/oDuHmgA=="
      },
      "System.IO.Hashing": {
        "type": "Transitive",
        "resolved": "10.0.12",
        "contentHash": "jDix4bBMYnpZdSPcnY+KDV6ik3SRMzpMKby/bZl/XUwIiflwRNAFZ0oOl61R/pSaveIJ8t1gs2BUlrGsPs/bcg=="
      }
    },
    "net9.0": {
      "Microsoft.Extensions.Logging.Abstractions": {
        "type": "Direct",
        "requested": "[9.0.17, )",
        "resolved": "9.0.17",
        "contentHash": "b1onT7ZvIrpkQ9swhLqSuj1eKvOtElXig2tk7b3ckBfXUu//Y6P7rzz15qTW0SCyYqanoflPYNQ76kqGutQ3iw==",
        "dependencies": {
          "Microsoft.Extensions.DependencyInjection.Abstractions": "9.0.17"
        }
      },
      "Microsoft.Extensions.ObjectPool": {
        "type": "Direct",
        "requested": "[9.0.17, )",
        "resolved": "9.0.17",
        "contentHash": "EOVaNMDasK/bzuuw+2W5wS8B35zJISDHotNgH+Z+AosJZZJFV5ZYbZRJ9T07D9FALk0CRyobV2vzBC7hQVuzVQ=="
      },
      "Microsoft.NET.ILLink.Tasks": {
        "type": "Direct",
        "requested": "[9.0.20, )",
        "resolved": "9.0.20",
        "contentHash": "oPFydtjCgow3DXnL8z5gPbq3R1zGvBpcypgRhW172Hn8asJcI8oy7isudAnAAALIWyK+uRWCDP+/+om3s0PZHA=="
      },
      "Microsoft.SourceLink.GitHub": {
        "type": "Direct",
        "requested": "[10.0.401, )",
        "resolved": "10.0.401",
        "contentHash": "LGmlwgP1Cx37JEWzyjS0o1/+xs/s/e3E2TBSuogI5ePA/9L0pfIfeYX0k5in7Bfcw8Nn2y2sG9jXxydTjiR2Fg==",
        "dependencies": {
          "Microsoft.Build.Tasks.Git": "10.0.401",
          "Microsoft.SourceLink.Common": "10.0.401",
          "System.IO.Hashing": "10.0.12"
        }
      },
      "Microsoft.Build.Tasks.Git": {
        "type": "Transitive",
        "resolved": "10.0.401",
        "contentHash": "ZYctNuT10V9IYyCFydy63DXx0ggZQuynuzQOdLvW62dPgzjIz7f0ISEP75RGiq1jFQh8p6TmGSqxeQZQ87LCig==",
        "dependencies": {
          "System.IO.Hashing": "10.0.12"
        }
      },
      "Microsoft.Extensions.DependencyInjection.Abstractions": {
        "type": "Transitive",
        "resolved": "9.0.17",
        "contentHash": "/Oy6N+l6aBqKKnjpBhH2MSzzKV+UbjDELuk/OkwJW0auMqWZm14aK7n+QGjscH7JosoI1ChTWf4utUGEA6m2RA=="
      },
      "Microsoft.SourceLink.Common": {
        "type": "Transitive",
        "resolved": "10.0.401",
        "contentHash": "u3rLxIwi/9MqDFaWGE/QQgLR1NBEzLOW2lv5+9OrZPDBYIAmFdYSWCWrR1ufpXWOqFn+x02TgKropl/oDuHmgA=="
      },
      "System.IO.Hashing": {
        "type": "Transitive",
        "resolved": "10.0.12",
        "contentHash": "jDix4bBMYnpZdSPcnY+KDV6ik3SRMzpMKby/bZl/XUwIiflwRNAFZ0oOl61R/pSaveIJ8t1gs2BUlrGsPs/bcg=="
      }
    }
  }
}